{
  "nodes": {
    "cbor_ada": {
      "flake": false,
      "locked": {
        "lastModified": 1784997409,
        "narHash": "sha256-E1yiZe+iO4tYgHt2WM/pSa+08GWc0pY3nentn8AoAdM=",
        "owner": "b-erdem",
        "repo": "cbor_ada",
        "rev": "ce9897cdd80dea21112c59b80a5c42f2921f59f0",
        "type": "github"
      },
      "original": {
        "owner": "b-erdem",
        "repo": "cbor_ada",
        "rev": "ce9897cdd80dea21112c59b80a5c42f2921f59f0",
        "type": "github"
      }
    },
    "doomgeneric": {
      "flake": false,
      "locked": {
        "lastModified": 1775993023,
        "narHash": "sha256-PmPRPE7fOK6dGzb1BJdpt+Z78TOMhogR0YliPBJU5hU=",
        "owner": "ozkl",
        "repo": "doomgeneric",
        "rev": "dcb7a8dbc7a16ce3dda29382ac9aae9d77d21284",
        "type": "github"
      },
      "original": {
        "owner": "ozkl",
        "repo": "doomgeneric",
        "rev": "dcb7a8dbc7a16ce3dda29382ac9aae9d77d21284",
        "type": "github"
      }
    },
    "libkeccak": {
      "flake": false,
      "locked": {
        "lastModified": 1654433700,
        "narHash": "sha256-MTNF3R3QB/MWwm+0NSVrEdhvL74/FHyWAvT1+IshAbg=",
        "owner": "damaki",
        "repo": "libkeccak",
        "rev": "f33be1c8120196d90f600b14d669b11d16149bf9",
        "type": "github"
      },
      "original": {
        "owner": "damaki",
        "repo": "libkeccak",
        "rev": "f33be1c8120196d90f600b14d669b11d16149bf9",
        "type": "github"
      }
    },
    "nixpkgs": {
      "locked": {
        "lastModified": 1787360063,
        "narHash": "sha256-dt4WdcvsA8/RCe+VZZwqU0X+XMM3wBbGCWA0/sFWzGo=",
        "owner": "NixOS",
        "repo": "nixpkgs",
        "rev": "2c423e03bbafcff28bfadc6781a4a8257f205cb5",
        "type": "github"
      },
      "original": {
        "owner": "NixOS",
        "ref": "nixos-unstable",
        "repo": "nixpkgs",
        "type": "github"
      }
    },
    "root": {
      "inputs": {
        "cbor_ada": "cbor_ada",
        "doomgeneric": "doomgeneric",
        "libkeccak": "libkeccak",
        "nixpkgs": "nixpkgs",
        "rust-overlay": "rust-overlay",
        "sameboy": "sameboy",
        "sparkentropy": "sparkentropy",
        "sparkmlkem": "sparkmlkem",
        "sparknacl": "sparknacl",
        "sparktls": "sparktls",
        "sparktlscrypto": "sparktlscrypto",
        "sparkx509": "sparkx509",
        "stb": "stb"
      }
    },
    "rust-overlay": {
      "inputs": {
        "nixpkgs": [
          "nixpkgs"
        ]
      },
      "locked": {
        "lastModified": 1789802016,
        "narHash": "sha256-QVFfArbYaQMGK4dFV+5RUL72Ci+hNHVhaF/R9qJfDhs=",
        "owner": "oxalica",
        "repo": "rust-overlay",
        "rev": "26a71e661c47bd21a05d06fec749f3f7c75e9d12",
        "type": "github"
      },
      "original": {
        "owner": "oxalica",
        "repo": "rust-overlay",
        "type": "github"
      }
    },
    "sameboy": {
      "flake": false,
      "locked": {
        "lastModified": 1783697835,
        "narHash": "sha256-QZ0iJ7ezN/ziuKoQTW+F2QnciLwr8c1h4NUVeLp/asg=",
        "owner": "LIJI32",
        "repo": "SameBoy",
        "rev": "213a12ce93d66b105a113debd9396306066a7cfc",
        "type": "github"
      },
      "original": {
        "owner": "LIJI32",
        "repo": "SameBoy",
        "rev": "213a12ce93d66b105a113debd9396306066a7cfc",
        "type": "github"
      }
    },
    "sparkentropy": {
      "flake": false,
      "locked": {
        "lastModified": 1790205017,
        "narHash": "sha256-i6PPbeXfuv4IdCdbrEVSrcnEY8mLmM4uWdwcUAUMVdg=",
        "owner": "docandrew",
        "repo": "sparkentropy",
        "rev": "f707e61678576b4748c040d645b8ed427a28f8c8",
        "type": "github"
      },
      "original": {
        "owner": "docandrew",
        "repo": "sparkentropy",
        "rev": "f707e61678576b4748c040d645b8ed427a28f8c8",
        "type": "github"
      }
    },
    "sparkmlkem": {
      "flake": false,
      "locked": {
        "lastModified": 1790033795,
        "narHash": "sha256-h0qwajlPbXE2KcWCc8IWlMMCQ4G/XV/cQL52U90Qwsg=",
        "owner": "docandrew",
        "repo": "sparkmlkem",
        "rev": "5fbd0c9ae7a498f4bd5350547ebaffba381156fa",
        "type": "github"
      },
      "original": {
        "owner": "docandrew",
        "repo": "sparkmlkem",
        "rev": "5fbd0c9ae7a498f4bd5350547ebaffba381156fa",
        "type": "github"
      }
    },
    "sparknacl": {
      "flake": false,
      "locked": {
        "lastModified": 1774535186,
        "narHash": "sha256-9bwmBZ2qtJA8LTjQVr5c844KsMQrDK9OYKUScXkeCos=",
        "owner": "rod-chapman",
        "repo": "SPARKNaCl",
        "rev": "49e3bddf092561ce2b74c134a35acff91a2da9a4",
        "type": "github"
      },
      "original": {
        "owner": "rod-chapman",
        "repo": "SPARKNaCl",
        "rev": "49e3bddf092561ce2b74c134a35acff91a2da9a4",
        "type": "github"
      }
    },
    "sparktls": {
      "flake": false,
      "locked": {
        "lastModified": 1790257215,
        "narHash": "sha256-3fi07g1lmgJy1zs7LqD5MJq1Xs66kwZHzNUGpyBysK8=",
        "owner": "docandrew",
        "repo": "sparktls",
        "rev": "f7ea3a5eba7538e88f485f5ed252a5bd98364206",
        "type": "github"
      },
      "original": {
        "owner": "docandrew",
        "repo": "sparktls",
        "rev": "f7ea3a5eba7538e88f485f5ed252a5bd98364206",
        "type": "github"
      }
    },
    "sparktlscrypto": {
      "flake": false,
      "locked": {
        "lastModified": 1790205029,
        "narHash": "sha256-/FUaVKuKYNRJb6mLetBuDcqtJ2mIN0J/9voXtbupif8=",
        "owner": "docandrew",
        "repo": "sparktlscrypto",
        "rev": "b89c8bee8013498ac9008f92f4fd5480740e60df",
        "type": "github"
      },
      "original": {
        "owner": "docandrew",
        "repo": "sparktlscrypto",
        "rev": "b89c8bee8013498ac9008f92f4fd5480740e60df",
        "type": "github"
      }
    },
    "sparkx509": {
      "flake": false,
      "locked": {
        "lastModified": 1789440868,
        "narHash": "sha256-rpv4khQzJ5qSgP32V7phGEvvT/V0Q7cEl1Dzmjvb37I=",
        "owner": "docandrew",
        "repo": "sparkx509",
        "rev": "ba9c37170911a3ef564472187f83a6b38dac8fb2",
        "type": "github"
      },
      "original": {
        "owner": "docandrew",
        "repo": "sparkx509",
        "rev": "ba9c37170911a3ef564472187f83a6b38dac8fb2",
        "type": "github"
      }
    },
    "stb": {
      "flake": false,
      "locked": {
        "lastModified": 1748261287,
        "narHash": "sha256-FGe6ffCqscwz+kgZcIwWsGaEM/9VnJp+d7bHUTl39DU=",
        "owner": "nothings",
        "repo": "stb",
        "rev": "f58f558c120e9b32c217290b80bad1a0729fbb2c",
        "type": "github"
      },
      "original": {
        "owner": "nothings",
        "repo": "stb",
        "rev": "f58f558c120e9b32c217290b80bad1a0729fbb2c",
        "type": "github"
      }
    }
  },
  "root": "root",
  "version": 7
}
