# THIS FILE IS GENERATED. DO NOT EDIT.

[solution]
[solution.context]
solved = true
[[solution.state]]
crate = "gnat_native"
fulfilment = "solved"
pinned = false
transitivity = "direct"
versions = ">=14"
[solution.state.release]
auto-gpr-with = false
description = "The GNAT Ada compiler - Native"
licenses = "GPL-3.0-or-later AND GPL-3.0-or-later WITH GCC-exception-3.1"
maintainers = [
"Fabien Chouteau <chouteau@adacore.com>",
"CÃ©sar Sagaert <sagaert@adacore.com>",
]
maintainers-logins = [
"Fabien-Chouteau",
"AldanTanneo",
]
name = "gnat_native"
provides = [
"gnat=16.1.0",
]
version = "16.1.0"
website = "https://github.com/alire-project/GNAT-FSF-builds"
[solution.state.release.configuration]
auto_gpr_with = true
disabled = true
generate_ada = true
generate_c = true
generate_gpr = true
output_dir = "config"
[solution.state.release.environment]
[solution.state.release.environment.LD_LIBRARY_PATH]
prepend = "${CRATE_ROOT}/lib64"
[solution.state.release.environment.LD_RUN_PATH]
prepend = "${CRATE_ROOT}/lib64"
[solution.state.release.environment.LIBRARY_PATH]
prepend = "${CRATE_ROOT}/lib64"
[solution.state.release.environment.PATH]
prepend = "${CRATE_ROOT}/bin"
[solution.state.release.origin]
binary = true
hashes = [
"sha256:9f74f58a827a2ad40dd84c72a413e75ea52888e0d8f7e252fba4d26762402703",
]
url = "https://github.com/alire-project/GNAT-FSF-builds/releases/download/gnat-16.1.0-1/gnat-x86_64-linux-16.1.0-1.tar.gz"
[[solution.state]]
crate = "gprbuild"
fulfilment = "solved"
pinned = false
transitivity = "direct"
versions = "^26.0"
[solution.state.release]
auto-gpr-with = false
description = "The GPRBuild Ada/multilanguage build tool"
licenses = "GPL-3.0-only WITH GCC-exception-3.1"
long-description = "GPRbuild is a generic build tool designed for the construction of large multi-language systems organized into subsystems and libraries.\nIt is well-suited for compiled languages supporting separate compilation, such as Ada, C, C++ and Fortran.\n"
maintainers = [
"Fabien Chouteau <chouteau@adacore.com>",
"CÃ©sar Sagaert <sagaert@adacore.com>",
]
maintainers-logins = [
"Fabien-Chouteau",
"AldanTanneo",
]
name = "gprbuild"
tags = [
"gpr",
"gprbuild",
"tool",
"tools",
"project",
]
version = "26.0.1"
website = "https://docs.adacore.com/gprbuild-docs/html/gprbuild_ug.html"
[solution.state.release.configuration]
auto_gpr_with = true
disabled = true
generate_ada = true
generate_c = true
generate_gpr = true
output_dir = "config"
[solution.state.release.environment]
[solution.state.release.environment.PATH]
prepend = "${CRATE_ROOT}/bin"
[solution.state.release.origin]
binary = true
hashes = [
"sha256:e3f27f2515ec04d963f6badade6595993b1c091ba15d1919a7c75aad1b7ed49b",
]
url = "https://github.com/alire-project/GNAT-FSF-builds/releases/download/gprbuild-26.0.0-1/gprbuild-x86_64-linux-26.0.0-1.tar.gz"

