# This file is automatically @generated by Cargo.
# It is not intended for manual editing.
version = 4

[[package]]
name = "cubit"
version = "0.1.0"

[[package]]
name = "cubit-allocator"
version = "0.1.0"
dependencies = [
 "cubit",
]

[[package]]
name = "cubit-rust-probe"
version = "0.1.0"
dependencies = [
 "cubit",
 "cubit-allocator",
]
